github.com/flosch/pongo2/v5 v5.0.0 h1:ZauMp+iPZzh2aI1QM2UwRb0lXD4BoFcvBuWqefkIuq0=
github.com/flosch/pongo2/v5 v5.0.0/go.mod h1:6ysKu++8ANFXmc3x6uA6iVaS+PKUoDfdX3yPcv8TIzY=
github.com/gomarkdown/markdown v0.0.0-20220114203417-14399d5448c4 h1:6GlsnS3GQYfrJZTJEUsheoyLE6kLXQJDvQKIKxgL/9Q=
github.com/gomarkdown/markdown v0.0.0-20220114203417-14399d5448c4/go.mod h1:JDGcbDT52eL4fju3sZ4TeHGsQwhG9nbDV21aMyhwPoA=
github.com/kr/pretty v0.2.1/go.mod h1:ipq/a2n7PKx3OHsz4KJII5eveXtPO4qwEXGdVfWzfnI=
github.com/kr/pty v1.1.1/go.mod h1:pFQYn66WHrOpPYNljwOMqo10TkYh1fy3cYio2l3bCsQ=
github.com/kr/text v0.1.0/go.mod h1:4Jbv+DJW3UT/LiOwJeYQe1efqtUx/iVham/4vfdArNI=
github.com/plus3it/gorecurcopy v0.0.1 h1:H7AgvM0N/uIo7o1PQRlewEGQ92BNr7DqbPy5lnR3uJI=
github.com/plus3it/gorecurcopy v0.0.1/go.mod h1:NvVTm4RX68A1vQbHmHunDO4OtBLVroT6CrsiqAzNyJA=
gopkg.in/check.v1 v1.0.0-20201130134442-10cb98267c6c/go.mod h1:JHkPIbrfpd72SG/EVd6muEfDQjcINNoR0C8j2r3qZ4Q=
